// !$*UTF8*$!
{
	archiveVersion = 1;
	classes = {
	};
	objectVersion = 46;
	objects = {

/* Begin PBXBuildFile section */
		11090D181ECD4C3100D2F701 /* Shift.swift in Sources */ = {isa = PBXBuildFile; fileRef = 11090D171ECD4C3100D2F701 /* Shift.swift */; };
		11090D1C1ECD83FE00D2F701 /* Employee.swift in Sources */ = {isa = PBXBuildFile; fileRef = 11090D1B1ECD83FE00D2F701 /* Employee.swift */; };
		111D4F521EE90B5000E57C1C /* RecentlyInput.swift in Sources */ = {isa = PBXBuildFile; fileRef = 111D4F511EE90B5000E57C1C /* RecentlyInput.swift */; };
		112435D41ED2D87000310B10 /* AddShiftAssignmentsCollectionViewController.swift in Sources */ = {isa = PBXBuildFile; fileRef = 112435D31ED2D87000310B10 /* AddShiftAssignmentsCollectionViewController.swift */; };
		112435D61ED2DD2A00310B10 /* AddShiftAssignmentsCollectionViewCell.swift in Sources */ = {isa = PBXBuildFile; fileRef = 112435D51ED2DD2A00310B10 /* AddShiftAssignmentsCollectionViewCell.swift */; };
		112435DC1ED7E82400310B10 /* ShiftTableManager.swift in Sources */ = {isa = PBXBuildFile; fileRef = 112435DB1ED7E82400310B10 /* ShiftTableManager.swift */; };
		112435DE1EDEA9CA00310B10 /* ShiftTable.swift in Sources */ = {isa = PBXBuildFile; fileRef = 112435DD1EDEA9CA00310B10 /* ShiftTable.swift */; };
		112435E01EE00C7C00310B10 /* ShiftTableListTableViewController.swift in Sources */ = {isa = PBXBuildFile; fileRef = 112435DF1EE00C7C00310B10 /* ShiftTableListTableViewController.swift */; };
		112435E21EE3B31D00310B10 /* AddDatePeriodTableViewController.swift in Sources */ = {isa = PBXBuildFile; fileRef = 112435E11EE3B31D00310B10 /* AddDatePeriodTableViewController.swift */; };
		112435E41EE4547200310B10 /* AddEmployeeTableViewController.swift in Sources */ = {isa = PBXBuildFile; fileRef = 112435E31EE4547200310B10 /* AddEmployeeTableViewController.swift */; };
		112435E61EE4FA4A00310B10 /* AddAssignmentTableViewController.swift in Sources */ = {isa = PBXBuildFile; fileRef = 112435E51EE4FA4A00310B10 /* AddAssignmentTableViewController.swift */; };
		112435E81EE5116900310B10 /* AddShiftsTableViewController.swift in Sources */ = {isa = PBXBuildFile; fileRef = 112435E71EE5116900310B10 /* AddShiftsTableViewController.swift */; };
		11BED5AD1ECB067C00A638F4 /* ShiftTableCollectionViewController.swift in Sources */ = {isa = PBXBuildFile; fileRef = 11BED5AC1ECB067C00A638F4 /* ShiftTableCollectionViewController.swift */; };
		11BED5AF1ECB06B800A638F4 /* ShiftTableCollectionViewCell.swift in Sources */ = {isa = PBXBuildFile; fileRef = 11BED5AE1ECB06B800A638F4 /* ShiftTableCollectionViewCell.swift */; };
		11BED5B11ECB102100A638F4 /* ShiftTableCollectionViewLayout.swift in Sources */ = {isa = PBXBuildFile; fileRef = 11BED5B01ECB102100A638F4 /* ShiftTableCollectionViewLayout.swift */; };
		11CCF19B1EC9906C006AE911 /* AppDelegate.swift in Sources */ = {isa = PBXBuildFile; fileRef = 11CCF19A1EC9906C006AE911 /* AppDelegate.swift */; };
		11CCF1A01EC9906C006AE911 /* Main.storyboard in Resources */ = {isa = PBXBuildFile; fileRef = 11CCF19E1EC9906C006AE911 /* Main.storyboard */; };
		11CCF1A31EC9906C006AE911 /* J4ShiftTable.xcdatamodeld in Sources */ = {isa = PBXBuildFile; fileRef = 11CCF1A11EC9906C006AE911 /* J4ShiftTable.xcdatamodeld */; };
		11CCF1A51EC9906C006AE911 /* Assets.xcassets in Resources */ = {isa = PBXBuildFile; fileRef = 11CCF1A41EC9906C006AE911 /* Assets.xcassets */; };
		11CCF1A81EC9906C006AE911 /* LaunchScreen.storyboard in Resources */ = {isa = PBXBuildFile; fileRef = 11CCF1A61EC9906C006AE911 /* LaunchScreen.storyboard */; };
/* End PBXBuildFile section */

/* Begin PBXFileReference section */
		11090D171ECD4C3100D2F701 /* Shift.swift */ = {isa = PBXFileReference; fileEncoding = 4; lastKnownFileType = sourcecode.swift; path = Shift.swift; sourceTree = "<group>"; };
		11090D1B1ECD83FE00D2F701 /* Employee.swift */ = {isa = PBXFileReference; fileEncoding = 4; lastKnownFileType = sourcecode.swift; path = Employee.swift; sourceTree = "<group>"; };
		111D4F511EE90B5000E57C1C /* RecentlyInput.swift */ = {isa = PBXFileReference; fileEncoding = 4; lastKnownFileType = sourcecode.swift; path = RecentlyInput.swift; sourceTree = "<group>"; };
		112435D31ED2D87000310B10 /* AddShiftAssignmentsCollectionViewController.swift */ = {isa = PBXFileReference; fileEncoding = 4; lastKnownFileType = sourcecode.swift; path = AddShiftAssignmentsCollectionViewController.swift; sourceTree = "<group>"; };
		112435D51ED2DD2A00310B10 /* AddShiftAssignmentsCollectionViewCell.swift */ = {isa = PBXFileReference; fileEncoding = 4; lastKnownFileType = sourcecode.swift; path = AddShiftAssignmentsCollectionViewCell.swift; sourceTree = "<group>"; };
		112435DB1ED7E82400310B10 /* ShiftTableManager.swift */ = {isa = PBXFileReference; fileEncoding = 4; lastKnownFileType = sourcecode.swift; path = ShiftTableManager.swift; sourceTree = "<group>"; };
		112435DD1EDEA9CA00310B10 /* ShiftTable.swift */ = {isa = PBXFileReference; fileEncoding = 4; lastKnownFileType = sourcecode.swift; path = ShiftTable.swift; sourceTree = "<group>"; };
		112435DF1EE00C7C00310B10 /* ShiftTableListTableViewController.swift */ = {isa = PBXFileReference; fileEncoding = 4; lastKnownFileType = sourcecode.swift; path = ShiftTableListTableViewController.swift; sourceTree = "<group>"; };
		112435E11EE3B31D00310B10 /* AddDatePeriodTableViewController.swift */ = {isa = PBXFileReference; fileEncoding = 4; lastKnownFileType = sourcecode.swift; path = AddDatePeriodTableViewController.swift; sourceTree = "<group>"; };
		112435E31EE4547200310B10 /* AddEmployeeTableViewController.swift */ = {isa = PBXFileReference; fileEncoding = 4; lastKnownFileType = sourcecode.swift; path = AddEmployeeTableViewController.swift; sourceTree = "<group>"; };
		112435E51EE4FA4A00310B10 /* AddAssignmentTableViewController.swift */ = {isa = PBXFileReference; fileEncoding = 4; lastKnownFileType = sourcecode.swift; path = AddAssignmentTableViewController.swift; sourceTree = "<group>"; };
		112435E71EE5116900310B10 /* AddShiftsTableViewController.swift */ = {isa = PBXFileReference; fileEncoding = 4; lastKnownFileType = sourcecode.swift; path = AddShiftsTableViewController.swift; sourceTree = "<group>"; };
		11BED5AC1ECB067C00A638F4 /* ShiftTableCollectionViewController.swift */ = {isa = PBXFileReference; fileEncoding = 4; lastKnownFileType = sourcecode.swift; path = ShiftTableCollectionViewController.swift; sourceTree = "<group>"; };
		11BED5AE1ECB06B800A638F4 /* ShiftTableCollectionViewCell.swift */ = {isa = PBXFileReference; fileEncoding = 4; lastKnownFileType = sourcecode.swift; path = ShiftTableCollectionViewCell.swift; sourceTree = "<group>"; };
		11BED5B01ECB102100A638F4 /* ShiftTableCollectionViewLayout.swift */ = {isa = PBXFileReference; fileEncoding = 4; lastKnownFileType = sourcecode.swift; path = ShiftTableCollectionViewLayout.swift; sourceTree = "<group>"; };
		11CCF1971EC9906C006AE911 /* J4ShiftTable.app */ = {isa = PBXFileReference; explicitFileType = wrapper.application; includeInIndex = 0; path = J4ShiftTable.app; sourceTree = BUILT_PRODUCTS_DIR; };
		11CCF19A1EC9906C006AE911 /* AppDelegate.swift */ = {isa = PBXFileReference; lastKnownFileType = sourcecode.swift; path = AppDelegate.swift; sourceTree = "<group>"; };
		11CCF19F1EC9906C006AE911 /* Base */ = {isa = PBXFileReference; lastKnownFileType = file.storyboard; name = Base; path = Base.lproj/Main.storyboard; sourceTree = "<group>"; };
		11CCF1A21EC9906C006AE911 /* J4ShiftTable.xcdatamodel */ = {isa = PBXFileReference; lastKnownFileType = wrapper.xcdatamodel; path = J4ShiftTable.xcdatamodel; sourceTree = "<group>"; };
		11CCF1A41EC9906C006AE911 /* Assets.xcassets */ = {isa = PBXFileReference; lastKnownFileType = folder.assetcatalog; path = Assets.xcassets; sourceTree = "<group>"; };
		11CCF1A71EC9906C006AE911 /* Base */ = {isa = PBXFileReference; lastKnownFileType = file.storyboard; name = Base; path = Base.lproj/LaunchScreen.storyboard; sourceTree = "<group>"; };
		11CCF1A91EC9906C006AE911 /* Info.plist */ = {isa = PBXFileReference; lastKnownFileType = text.plist.xml; path = Info.plist; sourceTree = "<group>"; };
/* End PBXFileReference section */

/* Begin PBXFrameworksBuildPhase section */
		11CCF1941EC9906C006AE911 /* Frameworks */ = {
			isa = PBXFrameworksBuildPhase;
			buildActionMask = 2147483647;
			files = (
			);
			runOnlyForDeploymentPostprocessing = 0;
		};
/* End PBXFrameworksBuildPhase section */

/* Begin PBXGroup section */
		11090D121ECD4B3100D2F701 /* Core Data */ = {
			isa = PBXGroup;
			children = (
				11CCF1A11EC9906C006AE911 /* J4ShiftTable.xcdatamodeld */,
				112435DD1EDEA9CA00310B10 /* ShiftTable.swift */,
				11090D1B1ECD83FE00D2F701 /* Employee.swift */,
				11090D171ECD4C3100D2F701 /* Shift.swift */,
			);
			name = "Core Data";
			sourceTree = "<group>";
		};
		11CCF18E1EC9906C006AE911 = {
			isa = PBXGroup;
			children = (
				11CCF1991EC9906C006AE911 /* J4ShiftTable */,
				11CCF1981EC9906C006AE911 /* Products */,
			);
			sourceTree = "<group>";
		};
		11CCF1981EC9906C006AE911 /* Products */ = {
			isa = PBXGroup;
			children = (
				11CCF1971EC9906C006AE911 /* J4ShiftTable.app */,
			);
			name = Products;
			sourceTree = "<group>";
		};
		11CCF1991EC9906C006AE911 /* J4ShiftTable */ = {
			isa = PBXGroup;
			children = (
				11CCF19A1EC9906C006AE911 /* AppDelegate.swift */,
				11CCF19E1EC9906C006AE911 /* Main.storyboard */,
				111D4F511EE90B5000E57C1C /* RecentlyInput.swift */,
				112435E11EE3B31D00310B10 /* AddDatePeriodTableViewController.swift */,
				112435E31EE4547200310B10 /* AddEmployeeTableViewController.swift */,
				112435E51EE4FA4A00310B10 /* AddAssignmentTableViewController.swift */,
				112435E71EE5116900310B10 /* AddShiftsTableViewController.swift */,
				112435D31ED2D87000310B10 /* AddShiftAssignmentsCollectionViewController.swift */,
				112435D51ED2DD2A00310B10 /* AddShiftAssignmentsCollectionViewCell.swift */,
				11BED5AC1ECB067C00A638F4 /* ShiftTableCollectionViewController.swift */,
				11BED5AE1ECB06B800A638F4 /* ShiftTableCollectionViewCell.swift */,
				11BED5B01ECB102100A638F4 /* ShiftTableCollectionViewLayout.swift */,
				112435DF1EE00C7C00310B10 /* ShiftTableListTableViewController.swift */,
				112435DB1ED7E82400310B10 /* ShiftTableManager.swift */,
				11CCF1A41EC9906C006AE911 /* Assets.xcassets */,
				11CCF1A61EC9906C006AE911 /* LaunchScreen.storyboard */,
				11CCF1A91EC9906C006AE911 /* Info.plist */,
				11090D121ECD4B3100D2F701 /* Core Data */,
			);
			path = J4ShiftTable;
			sourceTree = "<group>";
		};
/* End PBXGroup section */

/* Begin PBXNativeTarget section */
		11CCF1961EC9906C006AE911 /* J4ShiftTable */ = {
			isa = PBXNativeTarget;
			buildConfigurationList = 11CCF1AC1EC9906C006AE911 /* Build configuration list for PBXNativeTarget "J4ShiftTable" */;
			buildPhases = (
				11CCF1931EC9906C006AE911 /* Sources */,
				11CCF1941EC9906C006AE911 /* Frameworks */,
				11CCF1951EC9906C006AE911 /* Resources */,
			);
			buildRules = (
			);
			dependencies = (
			);
			name = J4ShiftTable;
			productName = J4ShiftTable;
			productReference = 11CCF1971EC9906C006AE911 /* J4ShiftTable.app */;
			productType = "com.apple.product-type.application";
		};
/* End PBXNativeTarget section */

/* Begin PBXProject section */
		11CCF18F1EC9906C006AE911 /* Project object */ = {
			isa = PBXProject;
			attributes = {
				LastSwiftUpdateCheck = 0830;
				LastUpgradeCheck = 0830;
				ORGANIZATIONNAME = JHL;
				TargetAttributes = {
					11CCF1961EC9906C006AE911 = {
						CreatedOnToolsVersion = 8.3.2;
						DevelopmentTeam = V7RD9U6NVK;
						ProvisioningStyle = Automatic;
					};
				};
			};
			buildConfigurationList = 11CCF1921EC9906C006AE911 /* Build configuration list for PBXProject "J4ShiftTable" */;
			compatibilityVersion = "Xcode 3.2";
			developmentRegion = English;
			hasScannedForEncodings = 0;
			knownRegions = (
				en,
				Base,
			);
			mainGroup = 11CCF18E1EC9906C006AE911;
			productRefGroup = 11CCF1981EC9906C006AE911 /* Products */;
			projectDirPath = "";
			projectRoot = "";
			targets = (
				11CCF1961EC9906C006AE911 /* J4ShiftTable */,
			);
		};
/* End PBXProject section */

/* Begin PBXResourcesBuildPhase section */
		11CCF1951EC9906C006AE911 /* Resources */ = {
			isa = PBXResourcesBuildPhase;
			buildActionMask = 2147483647;
			files = (
				11CCF1A81EC9906C006AE911 /* LaunchScreen.storyboard in Resources */,
				11CCF1A51EC9906C006AE911 /* Assets.xcassets in Resources */,
				11CCF1A01EC9906C006AE911 /* Main.storyboard in Resources */,
			);
			runOnlyForDeploymentPostprocessing = 0;
		};
/* End PBXResourcesBuildPhase section */

/* Begin PBXSourcesBuildPhase section */
		11CCF1931EC9906C006AE911 /* Sources */ = {
			isa = PBXSourcesBuildPhase;
			buildActionMask = 2147483647;
			files = (
				112435E21EE3B31D00310B10 /* AddDatePeriodTableViewController.swift in Sources */,
				112435D41ED2D87000310B10 /* AddShiftAssignmentsCollectionViewController.swift in Sources */,
				11090D1C1ECD83FE00D2F701 /* Employee.swift in Sources */,
				11CCF19B1EC9906C006AE911 /* AppDelegate.swift in Sources */,
				112435E81EE5116900310B10 /* AddShiftsTableViewController.swift in Sources */,
				112435D61ED2DD2A00310B10 /* AddShiftAssignmentsCollectionViewCell.swift in Sources */,
				11BED5AD1ECB067C00A638F4 /* ShiftTableCollectionViewController.swift in Sources */,
				112435E61EE4FA4A00310B10 /* AddAssignmentTableViewController.swift in Sources */,
				11090D181ECD4C3100D2F701 /* Shift.swift in Sources */,
				11BED5B11ECB102100A638F4 /* ShiftTableCollectionViewLayout.swift in Sources */,
				112435DE1EDEA9CA00310B10 /* ShiftTable.swift in Sources */,
				111D4F521EE90B5000E57C1C /* RecentlyInput.swift in Sources */,
				11BED5AF1ECB06B800A638F4 /* ShiftTableCollectionViewCell.swift in Sources */,
				112435E01EE00C7C00310B10 /* ShiftTableListTableViewController.swift in Sources */,
				11CCF1A31EC9906C006AE911 /* J4ShiftTable.xcdatamodeld in Sources */,
				112435DC1ED7E82400310B10 /* ShiftTableManager.swift in Sources */,
				112435E41EE4547200310B10 /* AddEmployeeTableViewController.swift in Sources */,
			);
			runOnlyForDeploymentPostprocessing = 0;
		};
/* End PBXSourcesBuildPhase section */

/* Begin PBXVariantGroup section */
		11CCF19E1EC9906C006AE911 /* Main.storyboard */ = {
			isa = PBXVariantGroup;
			children = (
				11CCF19F1EC9906C006AE911 /* Base */,
			);
			name = Main.storyboard;
			sourceTree = "<group>";
		};
		11CCF1A61EC9906C006AE911 /* LaunchScreen.storyboard */ = {
			isa = PBXVariantGroup;
			children = (
				11CCF1A71EC9906C006AE911 /* Base */,
			);
			name = LaunchScreen.storyboard;
			sourceTree = "<group>";
		};
/* End PBXVariantGroup section */

/* Begin XCBuildConfiguration section */
		11CCF1AA1EC9906C006AE911 /* Debug */ = {
			isa = XCBuildConfiguration;
			buildSettings = {
				ALWAYS_SEARCH_USER_PATHS = NO;
				CLANG_ANALYZER_NONNULL = YES;
				CLANG_ANALYZER_NUMBER_OBJECT_CONVERSION = YES_AGGRESSIVE;
				CLANG_CXX_LANGUAGE_STANDARD = "gnu++0x";
				CLANG_CXX_LIBRARY = "libc++";
				CLANG_ENABLE_MODULES = YES;
				CLANG_ENABLE_OBJC_ARC = YES;
				CLANG_WARN_BOOL_CONVERSION = YES;
				CLANG_WARN_CONSTANT_CONVERSION = YES;
				CLANG_WARN_DIRECT_OBJC_ISA_USAGE = YES_ERROR;
				CLANG_WARN_DOCUMENTATION_COMMENTS = YES;
				CLANG_WARN_EMPTY_BODY = YES;
				CLANG_WARN_ENUM_CONVERSION = YES;
				CLANG_WARN_INFINITE_RECURSION = YES;
				CLANG_WARN_INT_CONVERSION = YES;
				CLANG_WARN_OBJC_ROOT_CLASS = YES_ERROR;
				CLANG_WARN_SUSPICIOUS_MOVE = YES;
				CLANG_WARN_UNREACHABLE_CODE = YES;
				CLANG_WARN__DUPLICATE_METHOD_MATCH = YES;
				"CODE_SIGN_IDENTITY[sdk=iphoneos*]" = "iPhone Developer";
				COPY_PHASE_STRIP = NO;
				DEBUG_INFORMATION_FORMAT = dwarf;
				ENABLE_STRICT_OBJC_MSGSEND = YES;
				ENABLE_TESTABILITY = YES;
				GCC_C_LANGUAGE_STANDARD = gnu99;
				GCC_DYNAMIC_NO_PIC = NO;
				GCC_NO_COMMON_BLOCKS = YES;
				GCC_OPTIMIZATION_LEVEL = 0;
				GCC_PREPROCESSOR_DEFINITIONS = (
					"DEBUG=1",
					"$(inherited)",
				);
				GCC_WARN_64_TO_32_BIT_CONVERSION = YES;
				GCC_WARN_ABOUT_RETURN_TYPE = YES_ERROR;
				GCC_WARN_UNDECLARED_SELECTOR = YES;
				GCC_WARN_UNINITIALIZED_AUTOS = YES_AGGRESSIVE;
				GCC_WARN_UNUSED_FUNCTION = YES;
				GCC_WARN_UNUSED_VARIABLE = YES;
				IPHONEOS_DEPLOYMENT_TARGET = 10.3;
				MTL_ENABLE_DEBUG_INFO = YES;
				ONLY_ACTIVE_ARCH = YES;
				SDKROOT = iphoneos;
				SWIFT_ACTIVE_COMPILATION_CONDITIONS = DEBUG;
				SWIFT_OPTIMIZATION_LEVEL = "-Onone";
			};
			name = Debug;
		};
		11CCF1AB1EC9906C006AE911 /* Release */ = {
			isa = XCBuildConfiguration;
			buildSettings = {
				ALWAYS_SEARCH_USER_PATHS = NO;
				CLANG_ANALYZER_NONNULL = YES;
				CLANG_ANALYZER_NUMBER_OBJECT_CONVERSION = YES_AGGRESSIVE;
				CLANG_CXX_LANGUAGE_STANDARD = "gnu++0x";
				CLANG_CXX_LIBRARY = "libc++";
				CLANG_ENABLE_MODULES = YES;
				CLANG_ENABLE_OBJC_ARC = YES;
				CLANG_WARN_BOOL_CONVERSION = YES;
				CLANG_WARN_CONSTANT_CONVERSION = YES;
				CLANG_WARN_DIRECT_OBJC_ISA_USAGE = YES_ERROR;
				CLANG_WARN_DOCUMENTATION_COMMENTS = YES;
				CLANG_WARN_EMPTY_BODY = YES;
				CLANG_WARN_ENUM_CONVERSION = YES;
				CLANG_WARN_INFINITE_RECURSION = YES;
				CLANG_WARN_INT_CONVERSION = YES;
				CLANG_WARN_OBJC_ROOT_CLASS = YES_ERROR;
				CLANG_WARN_SUSPICIOUS_MOVE = YES;
				CLANG_WARN_UNREACHABLE_CODE = YES;
				CLANG_WARN__DUPLICATE_METHOD_MATCH = YES;
				"CODE_SIGN_IDENTITY[sdk=iphoneos*]" = "iPhone Developer";
				COPY_PHASE_STRIP = NO;
				DEBUG_INFORMATION_FORMAT = "dwarf-with-dsym";
				ENABLE_NS_ASSERTIONS = NO;
				ENABLE_STRICT_OBJC_MSGSEND = YES;
				GCC_C_LANGUAGE_STANDARD = gnu99;
				GCC_NO_COMMON_BLOCKS = YES;
				GCC_WARN_64_TO_32_BIT_CONVERSION = YES;
				GCC_WARN_ABOUT_RETURN_TYPE = YES_ERROR;
				GCC_WARN_UNDECLARED_SELECTOR = YES;
				GCC_WARN_UNINITIALIZED_AUTOS = YES_AGGRESSIVE;
				GCC_WARN_UNUSED_FUNCTION = YES;
				GCC_WARN_UNUSED_VARIABLE = YES;
				IPHONEOS_DEPLOYMENT_TARGET = 10.3;
				MTL_ENABLE_DEBUG_INFO = NO;
				SDKROOT = iphoneos;
				SWIFT_OPTIMIZATION_LEVEL = "-Owholemodule";
				VALIDATE_PRODUCT = YES;
			};
			name = Release;
		};
		11CCF1AD1EC9906C006AE911 /* Debug */ = {
			isa = XCBuildConfiguration;
			buildSettings = {
				ASSETCATALOG_COMPILER_APPICON_NAME = AppIcon;
				DEVELOPMENT_TEAM = V7RD9U6NVK;
				INFOPLIST_FILE = J4ShiftTable/Info.plist;
				LD_RUNPATH_SEARCH_PATHS = "$(inherited) @executable_path/Frameworks";
				PRODUCT_BUNDLE_IDENTIFIER = JyunHanLin.J4ShiftTable;
				PRODUCT_NAME = "$(TARGET_NAME)";
				SWIFT_VERSION = 3.0;
			};
			name = Debug;
		};
		11CCF1AE1EC9906C006AE911 /* Release */ = {
			isa = XCBuildConfiguration;
			buildSettings = {
				ASSETCATALOG_COMPILER_APPICON_NAME = AppIcon;
				DEVELOPMENT_TEAM = V7RD9U6NVK;
				INFOPLIST_FILE = J4ShiftTable/Info.plist;
				LD_RUNPATH_SEARCH_PATHS = "$(inherited) @executable_path/Frameworks";
				PRODUCT_BUNDLE_IDENTIFIER = JyunHanLin.J4ShiftTable;
				PRODUCT_NAME = "$(TARGET_NAME)";
				SWIFT_VERSION = 3.0;
			};
			name = Release;
		};
/* End XCBuildConfiguration section */

/* Begin XCConfigurationList section */
		11CCF1921EC9906C006AE911 /* Build configuration list for PBXProject "J4ShiftTable" */ = {
			isa = XCConfigurationList;
			buildConfigurations = (
				11CCF1AA1EC9906C006AE911 /* Debug */,
				11CCF1AB1EC9906C006AE911 /* Release */,
			);
			defaultConfigurationIsVisible = 0;
			defaultConfigurationName = Release;
		};
		11CCF1AC1EC9906C006AE911 /* Build configuration list for PBXNativeTarget "J4ShiftTable" */ = {
			isa = XCConfigurationList;
			buildConfigurations = (
				11CCF1AD1EC9906C006AE911 /* Debug */,
				11CCF1AE1EC9906C006AE911 /* Release */,
			);
			defaultConfigurationIsVisible = 0;
			defaultConfigurationName = Release;
		};
/* End XCConfigurationList section */

/* Begin XCVersionGroup section */
		11CCF1A11EC9906C006AE911 /* J4ShiftTable.xcdatamodeld */ = {
			isa = XCVersionGroup;
			children = (
				11CCF1A21EC9906C006AE911 /* J4ShiftTable.xcdatamodel */,
			);
			currentVersion = 11CCF1A21EC9906C006AE911 /* J4ShiftTable.xcdatamodel */;
			path = J4ShiftTable.xcdatamodeld;
			sourceTree = "<group>";
			versionGroupType = wrapper.xcdatamodel;
		};
/* End XCVersionGroup section */
	};
	rootObject = 11CCF18F1EC9906C006AE911 /* Project object */;
}
